
Microsoft Visual Studio Solution File, Format Version 12.00
# Visual Studio Version 17
VisualStudioVersion = 17.5.33530.505
MinimumVisualStudioVersion = 10.0.40219.1
Project("{FAE04EC0-301F-11D3-BF4B-00C04F79EFBC}") = "App", "App\App.csproj", "{C2FA1666-E215-4656-B82B-3F6B503E8422}"
EndProject
Project("{FAE04EC0-301F-11D3-BF4B-00C04F79EFBC}") = "Tests", "Tests\Tests.csproj", "{F4264E36-6F61-4373-90A5-5F8974A4977D}"
EndProject
Global
	GlobalSection(SolutionConfigurationPlatforms) = preSolution
		Debug|Any CPU = Debug|Any CPU
		Release|Any CPU = Release|Any CPU
	EndGlobalSection
	GlobalSection(ProjectConfigurationPlatforms) = postSolution
		{C2FA1666-E215-4656-B82B-3F6B503E8422}.Debug|Any CPU.ActiveCfg = Debug|Any CPU
		{C2FA1666-E215-4656-B82B-3F6B503E8422}.Debug|Any CPU.Build.0 = Debug|Any CPU
		{C2FA1666-E215-4656-B82B-3F6B503E8422}.Release|Any CPU.ActiveCfg = Release|Any CPU
		{C2FA1666-E215-4656-B82B-3F6B503E8422}.Release|Any CPU.Build.0 = Release|Any CPU
		{F4264E36-6F61-4373-90A5-5F8974A4977D}.Debug|Any CPU.ActiveCfg = Debug|Any CPU
		{F4264E36-6F61-4373-90A5-5F8974A4977D}.Debug|Any CPU.Build.0 = Debug|Any CPU
		{F4264E36-6F61-4373-90A5-5F8974A4977D}.Release|Any CPU.ActiveCfg = Release|Any CPU
		{F4264E36-6F61-4373-90A5-5F8974A4977D}.Release|Any CPU.Build.0 = Release|Any CPU
	EndGlobalSection
	GlobalSection(SolutionProperties) = preSolution
		HideSolutionNode = FALSE
	EndGlobalSection
	GlobalSection(ExtensibilityGlobals) = postSolution
		SolutionGuid = {4F07EEF0-5D58-461F-BFB0-79353735934F}
	EndGlobalSection
EndGlobal
